
Microsoft Visual Studio Solution File, Format Version 12.00
# Visual Studio Version 17
VisualStudioVersion = 17.6.33717.318
MinimumVisualStudioVersion = 10.0.40219.1
Project("{2150E333-8FDC-42A3-9474-1A3956D46DE8}") = "src", "src", "{62FC858A-0008-4461-94FC-3E4F908F6848}"
EndProject
Project("{2150E333-8FDC-42A3-9474-1A3956D46DE8}") = "Building Blocks", "Building Blocks", "{F5E7D68A-20F7-4C71-A8D4-058D302C2CD8}"
EndProject
Project("{2150E333-8FDC-42A3-9474-1A3956D46DE8}") = "Services", "Services", "{75560BDD-7438-4141-8CC6-5CB9216F2812}"
EndProject
Project("{2150E333-8FDC-42A3-9474-1A3956D46DE8}") = "Cart", "Cart", "{50C2BD17-C976-42DD-99A0-6F0A132CA77E}"
EndProject
Project("{2150E333-8FDC-42A3-9474-1A3956D46DE8}") = "Catalog", "Catalog", "{D8DABD94-C09D-4A09-B556-A4A33DBF9E1D}"
EndProject
Project("{2150E333-8FDC-42A3-9474-1A3956D46DE8}") = "Client", "Client", "{56A9B106-18F7-4B49-8136-0EBED874594F}"
EndProject
Project("{2150E333-8FDC-42A3-9474-1A3956D46DE8}") = "Identity", "Identity", "{D673FC3F-A34D-4FD7-97F5-D1501B5BD790}"
EndProject
Project("{2150E333-8FDC-42A3-9474-1A3956D46DE8}") = "Payment", "Payment", "{CC3B5DCB-68B7-4C4F-93CF-EE5CAA90F172}"
EndProject
Project("{2150E333-8FDC-42A3-9474-1A3956D46DE8}") = "Order", "Order", "{2F0CD156-BD88-44D1-9E6F-1EC5095055B9}"
EndProject
Project("{FAE04EC0-301F-11D3-BF4B-00C04F79EFBC}") = "NS.Identity.Api", "src\services\NS.Identity.Api\NS.Identity.Api.csproj", "{F2CAD0ED-0718-4C3F-895B-9F7B18D1898C}"
EndProject
Project("{FAE04EC0-301F-11D3-BF4B-00C04F79EFBC}") = "NS.Cart.Api", "src\services\NS.Cart.Api\NS.Cart.Api.csproj", "{170DACB5-1C3A-41C4-B731-D7FDD631A8A5}"
EndProject
Project("{FAE04EC0-301F-11D3-BF4B-00C04F79EFBC}") = "NS.Catalog.Api", "src\services\NS.Catalog.Api\NS.Catalog.Api.csproj", "{A134F3E6-F87A-4A9E-9871-7DBA183060AF}"
EndProject
Project("{FAE04EC0-301F-11D3-BF4B-00C04F79EFBC}") = "NS.Client.Api", "src\services\NS.Client.Api\NS.Client.Api.csproj", "{EDC1E9C3-4503-4F6F-9F66-C485332ACAC6}"
EndProject
Project("{FAE04EC0-301F-11D3-BF4B-00C04F79EFBC}") = "NS.Order.Api", "src\services\NS.Order.Api\NS.Order.Api.csproj", "{BC25440C-9F3E-4BA2-ABC9-F1A049F19C20}"
EndProject
Project("{FAE04EC0-301F-11D3-BF4B-00C04F79EFBC}") = "NS.Payment.Api", "src\services\NS.Payment.Api\NS.Payment.Api.csproj", "{BB6C124F-5BE6-4A06-AD78-822A5441EB36}"
EndProject
Global
	GlobalSection(SolutionConfigurationPlatforms) = preSolution
		Debug|Any CPU = Debug|Any CPU
		Release|Any CPU = Release|Any CPU
	EndGlobalSection
	GlobalSection(ProjectConfigurationPlatforms) = postSolution
		{F2CAD0ED-0718-4C3F-895B-9F7B18D1898C}.Debug|Any CPU.ActiveCfg = Debug|Any CPU
		{F2CAD0ED-0718-4C3F-895B-9F7B18D1898C}.Debug|Any CPU.Build.0 = Debug|Any CPU
		{F2CAD0ED-0718-4C3F-895B-9F7B18D1898C}.Release|Any CPU.ActiveCfg = Release|Any CPU
		{F2CAD0ED-0718-4C3F-895B-9F7B18D1898C}.Release|Any CPU.Build.0 = Release|Any CPU
		{170DACB5-1C3A-41C4-B731-D7FDD631A8A5}.Debug|Any CPU.ActiveCfg = Debug|Any CPU
		{170DACB5-1C3A-41C4-B731-D7FDD631A8A5}.Debug|Any CPU.Build.0 = Debug|Any CPU
		{170DACB5-1C3A-41C4-B731-D7FDD631A8A5}.Release|Any CPU.ActiveCfg = Release|Any CPU
		{170DACB5-1C3A-41C4-B731-D7FDD631A8A5}.Release|Any CPU.Build.0 = Release|Any CPU
		{A134F3E6-F87A-4A9E-9871-7DBA183060AF}.Debug|Any CPU.ActiveCfg = Debug|Any CPU
		{A134F3E6-F87A-4A9E-9871-7DBA183060AF}.Debug|Any CPU.Build.0 = Debug|Any CPU
		{A134F3E6-F87A-4A9E-9871-7DBA183060AF}.Release|Any CPU.ActiveCfg = Release|Any CPU
		{A134F3E6-F87A-4A9E-9871-7DBA183060AF}.Release|Any CPU.Build.0 = Release|Any CPU
		{EDC1E9C3-4503-4F6F-9F66-C485332ACAC6}.Debug|Any CPU.ActiveCfg = Debug|Any CPU
		{EDC1E9C3-4503-4F6F-9F66-C485332ACAC6}.Debug|Any CPU.Build.0 = Debug|Any CPU
		{EDC1E9C3-4503-4F6F-9F66-C485332ACAC6}.Release|Any CPU.ActiveCfg = Release|Any CPU
		{EDC1E9C3-4503-4F6F-9F66-C485332ACAC6}.Release|Any CPU.Build.0 = Release|Any CPU
		{BC25440C-9F3E-4BA2-ABC9-F1A049F19C20}.Debug|Any CPU.ActiveCfg = Debug|Any CPU
		{BC25440C-9F3E-4BA2-ABC9-F1A049F19C20}.Debug|Any CPU.Build.0 = Debug|Any CPU
		{BC25440C-9F3E-4BA2-ABC9-F1A049F19C20}.Release|Any CPU.ActiveCfg = Release|Any CPU
		{BC25440C-9F3E-4BA2-ABC9-F1A049F19C20}.Release|Any CPU.Build.0 = Release|Any CPU
		{BB6C124F-5BE6-4A06-AD78-822A5441EB36}.Debug|Any CPU.ActiveCfg = Debug|Any CPU
		{BB6C124F-5BE6-4A06-AD78-822A5441EB36}.Debug|Any CPU.Build.0 = Debug|Any CPU
		{BB6C124F-5BE6-4A06-AD78-822A5441EB36}.Release|Any CPU.ActiveCfg = Release|Any CPU
		{BB6C124F-5BE6-4A06-AD78-822A5441EB36}.Release|Any CPU.Build.0 = Release|Any CPU
	EndGlobalSection
	GlobalSection(SolutionProperties) = preSolution
		HideSolutionNode = FALSE
	EndGlobalSection
	GlobalSection(NestedProjects) = preSolution
		{F5E7D68A-20F7-4C71-A8D4-058D302C2CD8} = {62FC858A-0008-4461-94FC-3E4F908F6848}
		{75560BDD-7438-4141-8CC6-5CB9216F2812} = {62FC858A-0008-4461-94FC-3E4F908F6848}
		{50C2BD17-C976-42DD-99A0-6F0A132CA77E} = {75560BDD-7438-4141-8CC6-5CB9216F2812}
		{D8DABD94-C09D-4A09-B556-A4A33DBF9E1D} = {75560BDD-7438-4141-8CC6-5CB9216F2812}
		{56A9B106-18F7-4B49-8136-0EBED874594F} = {75560BDD-7438-4141-8CC6-5CB9216F2812}
		{D673FC3F-A34D-4FD7-97F5-D1501B5BD790} = {75560BDD-7438-4141-8CC6-5CB9216F2812}
		{CC3B5DCB-68B7-4C4F-93CF-EE5CAA90F172} = {75560BDD-7438-4141-8CC6-5CB9216F2812}
		{2F0CD156-BD88-44D1-9E6F-1EC5095055B9} = {75560BDD-7438-4141-8CC6-5CB9216F2812}
		{F2CAD0ED-0718-4C3F-895B-9F7B18D1898C} = {D673FC3F-A34D-4FD7-97F5-D1501B5BD790}
		{170DACB5-1C3A-41C4-B731-D7FDD631A8A5} = {50C2BD17-C976-42DD-99A0-6F0A132CA77E}
		{A134F3E6-F87A-4A9E-9871-7DBA183060AF} = {D8DABD94-C09D-4A09-B556-A4A33DBF9E1D}
		{EDC1E9C3-4503-4F6F-9F66-C485332ACAC6} = {56A9B106-18F7-4B49-8136-0EBED874594F}
		{BC25440C-9F3E-4BA2-ABC9-F1A049F19C20} = {2F0CD156-BD88-44D1-9E6F-1EC5095055B9}
		{BB6C124F-5BE6-4A06-AD78-822A5441EB36} = {CC3B5DCB-68B7-4C4F-93CF-EE5CAA90F172}
	EndGlobalSection
	GlobalSection(ExtensibilityGlobals) = postSolution
		SolutionGuid = {4C56291B-EB93-406D-8029-0955D1786FB0}
	EndGlobalSection
EndGlobal
